
Microsoft Visual Studio Solution File, Format Version 12.00
Project("{FAE04EC0-301F-11D3-BF4B-00C04F79EFBC}") = "FractalPoints", "FractalPoints\FractalPoints.csproj", "{DAE2472F-24B2-457A-B8D7-F4B716BDCB4B}"
EndProject
Global
	GlobalSection(SolutionConfigurationPlatforms) = preSolution
		Debug|Any CPU = Debug|Any CPU
		Release|Any CPU = Release|Any CPU
	EndGlobalSection
	GlobalSection(ProjectConfigurationPlatforms) = postSolution
		{DAE2472F-24B2-457A-B8D7-F4B716BDCB4B}.Debug|Any CPU.ActiveCfg = Debug|Any CPU
		{DAE2472F-24B2-457A-B8D7-F4B716BDCB4B}.Debug|Any CPU.Build.0 = Debug|Any CPU
		{DAE2472F-24B2-457A-B8D7-F4B716BDCB4B}.Release|Any CPU.ActiveCfg = Release|Any CPU
		{DAE2472F-24B2-457A-B8D7-F4B716BDCB4B}.Release|Any CPU.Build.0 = Release|Any CPU
	EndGlobalSection
EndGlobal
